
Microsoft Visual Studio Solution File, Format Version 12.00
# Visual Studio 15
Project("{FAE04EC0-301F-11D3-BF4B-00C04F79EFBC}") = "Assembly-CSharp-Editor", "Assembly-CSharp-Editor.csproj", "{D8FEA9E6-F7B8-C457-3E5A-33500A491A06}"
EndProject
Project("{FAE04EC0-301F-11D3-BF4B-00C04F79EFBC}") = "Assembly-CSharp", "Assembly-CSharp.csproj", "{316496DE-ECEC-7ABA-743A-6C8812C50407}"
EndProject
Global
	GlobalSection(SolutionConfigurationPlatforms) = preSolution
		Debug|Any CPU = Debug|Any CPU
		Release|Any CPU = Release|Any CPU
	EndGlobalSection
	GlobalSection(ProjectConfigurationPlatforms) = postSolution
		{D8FEA9E6-F7B8-C457-3E5A-33500A491A06}.Debug|Any CPU.ActiveCfg = Debug|Any CPU
		{D8FEA9E6-F7B8-C457-3E5A-33500A491A06}.Debug|Any CPU.Build.0 = Debug|Any CPU
		{D8FEA9E6-F7B8-C457-3E5A-33500A491A06}.Release|Any CPU.ActiveCfg = Release|Any CPU
		{D8FEA9E6-F7B8-C457-3E5A-33500A491A06}.Release|Any CPU.Build.0 = Release|Any CPU
		{316496DE-ECEC-7ABA-743A-6C8812C50407}.Debug|Any CPU.ActiveCfg = Debug|Any CPU
		{316496DE-ECEC-7ABA-743A-6C8812C50407}.Debug|Any CPU.Build.0 = Debug|Any CPU
		{316496DE-ECEC-7ABA-743A-6C8812C50407}.Release|Any CPU.ActiveCfg = Release|Any CPU
		{316496DE-ECEC-7ABA-743A-6C8812C50407}.Release|Any CPU.Build.0 = Release|Any CPU
	EndGlobalSection
	GlobalSection(SolutionProperties) = preSolution
		HideSolutionNode = FALSE
	EndGlobalSection
EndGlobal
